
Microsoft Visual Studio Solution File, Format Version 12.00
# Visual Studio 15
VisualStudioVersion = 15.0.27703.2035
MinimumVisualStudioVersion = 10.0.40219.1
Project("{FAE04EC0-301F-11D3-BF4B-00C04F79EFBC}") = "MarvelApi", "MarvelApi\MarvelApi.csproj", "{18C766A5-4ACE-4A59-A981-D406F72DE4DB}"
EndProject
Project("{FAE04EC0-301F-11D3-BF4B-00C04F79EFBC}") = "MarvelApi.Web", "MarvelApi.Web\MarvelApi.Web.csproj", "{F6FF2038-5E71-4AFD-8D75-AAE4B7A3916B}"
EndProject
Global
	GlobalSection(SolutionConfigurationPlatforms) = preSolution
		Debug|Any CPU = Debug|Any CPU
		Release|Any CPU = Release|Any CPU
	EndGlobalSection
	GlobalSection(ProjectConfigurationPlatforms) = postSolution
		{18C766A5-4ACE-4A59-A981-D406F72DE4DB}.Debug|Any CPU.ActiveCfg = Debug|Any CPU
		{18C766A5-4ACE-4A59-A981-D406F72DE4DB}.Debug|Any CPU.Build.0 = Debug|Any CPU
		{18C766A5-4ACE-4A59-A981-D406F72DE4DB}.Release|Any CPU.ActiveCfg = Release|Any CPU
		{18C766A5-4ACE-4A59-A981-D406F72DE4DB}.Release|Any CPU.Build.0 = Release|Any CPU
		{F6FF2038-5E71-4AFD-8D75-AAE4B7A3916B}.Debug|Any CPU.ActiveCfg = Debug|Any CPU
		{F6FF2038-5E71-4AFD-8D75-AAE4B7A3916B}.Debug|Any CPU.Build.0 = Debug|Any CPU
		{F6FF2038-5E71-4AFD-8D75-AAE4B7A3916B}.Release|Any CPU.ActiveCfg = Release|Any CPU
		{F6FF2038-5E71-4AFD-8D75-AAE4B7A3916B}.Release|Any CPU.Build.0 = Release|Any CPU
	EndGlobalSection
	GlobalSection(SolutionProperties) = preSolution
		HideSolutionNode = FALSE
	EndGlobalSection
	GlobalSection(ExtensibilityGlobals) = postSolution
		SolutionGuid = {AFC52277-F6D5-488C-82E1-7F1CDBC18008}
	EndGlobalSection
EndGlobal
